
Microsoft Visual Studio Solution File, Format Version 12.00
# Visual Studio 15
VisualStudioVersion = 15.0.26124.0
MinimumVisualStudioVersion = 15.0.26124.0
Project("{FAE04EC0-301F-11D3-BF4B-00C04F79EFBC}") = "task3", "task3\task3.csproj", "{BF75C668-44E6-4EE2-B7EC-6E2E2F9A56A9}"
EndProject
Project("{FAE04EC0-301F-11D3-BF4B-00C04F79EFBC}") = "task2", "task2\task2.csproj", "{192A3FAD-9BE9-4380-AA01-1C4C1C866816}"
EndProject
Project("{FAE04EC0-301F-11D3-BF4B-00C04F79EFBC}") = "task1", "task1\task1.csproj", "{EE71F1B5-CF25-4F24-B454-183F1EB21392}"
EndProject
Global
	GlobalSection(SolutionConfigurationPlatforms) = preSolution
		Debug|Any CPU = Debug|Any CPU
		Debug|x64 = Debug|x64
		Debug|x86 = Debug|x86
		Release|Any CPU = Release|Any CPU
		Release|x64 = Release|x64
		Release|x86 = Release|x86
	EndGlobalSection
	GlobalSection(SolutionProperties) = preSolution
		HideSolutionNode = FALSE
	EndGlobalSection
	GlobalSection(ProjectConfigurationPlatforms) = postSolution
		{BF75C668-44E6-4EE2-B7EC-6E2E2F9A56A9}.Debug|Any CPU.ActiveCfg = Debug|Any CPU
		{BF75C668-44E6-4EE2-B7EC-6E2E2F9A56A9}.Debug|Any CPU.Build.0 = Debug|Any CPU
		{BF75C668-44E6-4EE2-B7EC-6E2E2F9A56A9}.Debug|x64.ActiveCfg = Debug|x64
		{BF75C668-44E6-4EE2-B7EC-6E2E2F9A56A9}.Debug|x64.Build.0 = Debug|x64
		{BF75C668-44E6-4EE2-B7EC-6E2E2F9A56A9}.Debug|x86.ActiveCfg = Debug|x86
		{BF75C668-44E6-4EE2-B7EC-6E2E2F9A56A9}.Debug|x86.Build.0 = Debug|x86
		{BF75C668-44E6-4EE2-B7EC-6E2E2F9A56A9}.Release|Any CPU.ActiveCfg = Release|Any CPU
		{BF75C668-44E6-4EE2-B7EC-6E2E2F9A56A9}.Release|Any CPU.Build.0 = Release|Any CPU
		{BF75C668-44E6-4EE2-B7EC-6E2E2F9A56A9}.Release|x64.ActiveCfg = Release|x64
		{BF75C668-44E6-4EE2-B7EC-6E2E2F9A56A9}.Release|x64.Build.0 = Release|x64
		{BF75C668-44E6-4EE2-B7EC-6E2E2F9A56A9}.Release|x86.ActiveCfg = Release|x86
		{BF75C668-44E6-4EE2-B7EC-6E2E2F9A56A9}.Release|x86.Build.0 = Release|x86
		{192A3FAD-9BE9-4380-AA01-1C4C1C866816}.Debug|Any CPU.ActiveCfg = Debug|Any CPU
		{192A3FAD-9BE9-4380-AA01-1C4C1C866816}.Debug|Any CPU.Build.0 = Debug|Any CPU
		{192A3FAD-9BE9-4380-AA01-1C4C1C866816}.Debug|x64.ActiveCfg = Debug|x64
		{192A3FAD-9BE9-4380-AA01-1C4C1C866816}.Debug|x64.Build.0 = Debug|x64
		{192A3FAD-9BE9-4380-AA01-1C4C1C866816}.Debug|x86.ActiveCfg = Debug|x86
		{192A3FAD-9BE9-4380-AA01-1C4C1C866816}.Debug|x86.Build.0 = Debug|x86
		{192A3FAD-9BE9-4380-AA01-1C4C1C866816}.Release|Any CPU.ActiveCfg = Release|Any CPU
		{192A3FAD-9BE9-4380-AA01-1C4C1C866816}.Release|Any CPU.Build.0 = Release|Any CPU
		{192A3FAD-9BE9-4380-AA01-1C4C1C866816}.Release|x64.ActiveCfg = Release|x64
		{192A3FAD-9BE9-4380-AA01-1C4C1C866816}.Release|x64.Build.0 = Release|x64
		{192A3FAD-9BE9-4380-AA01-1C4C1C866816}.Release|x86.ActiveCfg = Release|x86
		{192A3FAD-9BE9-4380-AA01-1C4C1C866816}.Release|x86.Build.0 = Release|x86
		{EE71F1B5-CF25-4F24-B454-183F1EB21392}.Debug|Any CPU.ActiveCfg = Debug|Any CPU
		{EE71F1B5-CF25-4F24-B454-183F1EB21392}.Debug|Any CPU.Build.0 = Debug|Any CPU
		{EE71F1B5-CF25-4F24-B454-183F1EB21392}.Debug|x64.ActiveCfg = Debug|x64
		{EE71F1B5-CF25-4F24-B454-183F1EB21392}.Debug|x64.Build.0 = Debug|x64
		{EE71F1B5-CF25-4F24-B454-183F1EB21392}.Debug|x86.ActiveCfg = Debug|x86
		{EE71F1B5-CF25-4F24-B454-183F1EB21392}.Debug|x86.Build.0 = Debug|x86
		{EE71F1B5-CF25-4F24-B454-183F1EB21392}.Release|Any CPU.ActiveCfg = Release|Any CPU
		{EE71F1B5-CF25-4F24-B454-183F1EB21392}.Release|Any CPU.Build.0 = Release|Any CPU
		{EE71F1B5-CF25-4F24-B454-183F1EB21392}.Release|x64.ActiveCfg = Release|x64
		{EE71F1B5-CF25-4F24-B454-183F1EB21392}.Release|x64.Build.0 = Release|x64
		{EE71F1B5-CF25-4F24-B454-183F1EB21392}.Release|x86.ActiveCfg = Release|x86
		{EE71F1B5-CF25-4F24-B454-183F1EB21392}.Release|x86.Build.0 = Release|x86
	EndGlobalSection
EndGlobal
